
Microsoft Visual Studio Solution File, Format Version 12.00
# Visual Studio 14
VisualStudioVersion = 14.0.23107.0
MinimumVisualStudioVersion = 10.0.40219.1
Project("{FAE04EC0-301F-11D3-BF4B-00C04F79EFBC}") = "VanillaAddIn", "VanillaAddIn\VanillaAddIn.csproj", "{D874E185-08FE-48C5-BADE-0FE84060C978}"
EndProject
Project("{54435603-DBB4-11D2-8724-00A0C9A8B90C}") = "Setup", "Setup\Setup.vdproj", "{288265D6-3A52-46A9-9B15-2BAD1B9F3C02}"
EndProject
Project("{FAE04EC0-301F-11D3-BF4B-00C04F79EFBC}") = "VanillaConsole", "VanillaConsole\VanillaConsole.csproj", "{9F516CCA-C15B-4C39-BE50-A8515931B1D1}"
EndProject
Global
	GlobalSection(SolutionConfigurationPlatforms) = preSolution
		Debug|Any CPU = Debug|Any CPU
		Debug|x64 = Debug|x64
		Debug|x86 = Debug|x86
		Release|Any CPU = Release|Any CPU
		Release|x64 = Release|x64
		Release|x86 = Release|x86
	EndGlobalSection
	GlobalSection(ProjectConfigurationPlatforms) = postSolution
		{D874E185-08FE-48C5-BADE-0FE84060C978}.Debug|Any CPU.ActiveCfg = Debug|x86
		{D874E185-08FE-48C5-BADE-0FE84060C978}.Debug|x64.ActiveCfg = Debug|x64
		{D874E185-08FE-48C5-BADE-0FE84060C978}.Debug|x64.Build.0 = Debug|x64
		{D874E185-08FE-48C5-BADE-0FE84060C978}.Debug|x86.ActiveCfg = Debug|x86
		{D874E185-08FE-48C5-BADE-0FE84060C978}.Debug|x86.Build.0 = Debug|x86
		{D874E185-08FE-48C5-BADE-0FE84060C978}.Release|Any CPU.ActiveCfg = Release|x86
		{D874E185-08FE-48C5-BADE-0FE84060C978}.Release|x64.ActiveCfg = Release|x64
		{D874E185-08FE-48C5-BADE-0FE84060C978}.Release|x64.Build.0 = Release|x64
		{D874E185-08FE-48C5-BADE-0FE84060C978}.Release|x86.ActiveCfg = Release|x86
		{D874E185-08FE-48C5-BADE-0FE84060C978}.Release|x86.Build.0 = Release|x86
		{288265D6-3A52-46A9-9B15-2BAD1B9F3C02}.Debug|Any CPU.ActiveCfg = Debug
		{288265D6-3A52-46A9-9B15-2BAD1B9F3C02}.Debug|x64.ActiveCfg = Debug
		{288265D6-3A52-46A9-9B15-2BAD1B9F3C02}.Debug|x86.ActiveCfg = Debug
		{288265D6-3A52-46A9-9B15-2BAD1B9F3C02}.Debug|x86.Build.0 = Debug
		{288265D6-3A52-46A9-9B15-2BAD1B9F3C02}.Release|Any CPU.ActiveCfg = Release
		{288265D6-3A52-46A9-9B15-2BAD1B9F3C02}.Release|x64.ActiveCfg = Release
		{288265D6-3A52-46A9-9B15-2BAD1B9F3C02}.Release|x86.ActiveCfg = Release
		{288265D6-3A52-46A9-9B15-2BAD1B9F3C02}.Release|x86.Build.0 = Release
		{9F516CCA-C15B-4C39-BE50-A8515931B1D1}.Debug|Any CPU.ActiveCfg = Debug|Any CPU
		{9F516CCA-C15B-4C39-BE50-A8515931B1D1}.Debug|Any CPU.Build.0 = Debug|Any CPU
		{9F516CCA-C15B-4C39-BE50-A8515931B1D1}.Debug|x64.ActiveCfg = Debug|Any CPU
		{9F516CCA-C15B-4C39-BE50-A8515931B1D1}.Debug|x64.Build.0 = Debug|Any CPU
		{9F516CCA-C15B-4C39-BE50-A8515931B1D1}.Debug|x86.ActiveCfg = Debug|Any CPU
		{9F516CCA-C15B-4C39-BE50-A8515931B1D1}.Debug|x86.Build.0 = Debug|Any CPU
		{9F516CCA-C15B-4C39-BE50-A8515931B1D1}.Release|Any CPU.ActiveCfg = Release|Any CPU
		{9F516CCA-C15B-4C39-BE50-A8515931B1D1}.Release|Any CPU.Build.0 = Release|Any CPU
		{9F516CCA-C15B-4C39-BE50-A8515931B1D1}.Release|x64.ActiveCfg = Release|Any CPU
		{9F516CCA-C15B-4C39-BE50-A8515931B1D1}.Release|x64.Build.0 = Release|Any CPU
		{9F516CCA-C15B-4C39-BE50-A8515931B1D1}.Release|x86.ActiveCfg = Release|Any CPU
		{9F516CCA-C15B-4C39-BE50-A8515931B1D1}.Release|x86.Build.0 = Release|Any CPU
	EndGlobalSection
	GlobalSection(SolutionProperties) = preSolution
		HideSolutionNode = FALSE
	EndGlobalSection
EndGlobal
